
Microsoft Visual Studio Solution File, Format Version 12.00
# Visual Studio Version 17
VisualStudioVersion = 17.14.36202.13 d17.14
MinimumVisualStudioVersion = 10.0.40219.1
Project("{FAE04EC0-301F-11D3-BF4B-00C04F79EFBC}") = "exemploCrud", "exemploCrud\exemploCrud.csproj", "{301CDEE6-99BC-4FEB-AC1F-A85923925EAA}"
EndProject
Global
	GlobalSection(SolutionConfigurationPlatforms) = preSolution
		Debug|Any CPU = Debug|Any CPU
		Release|Any CPU = Release|Any CPU
	EndGlobalSection
	GlobalSection(ProjectConfigurationPlatforms) = postSolution
		{301CDEE6-99BC-4FEB-AC1F-A85923925EAA}.Debug|Any CPU.ActiveCfg = Debug|Any CPU
		{301CDEE6-99BC-4FEB-AC1F-A85923925EAA}.Debug|Any CPU.Build.0 = Debug|Any CPU
		{301CDEE6-99BC-4FEB-AC1F-A85923925EAA}.Release|Any CPU.ActiveCfg = Release|Any CPU
		{301CDEE6-99BC-4FEB-AC1F-A85923925EAA}.Release|Any CPU.Build.0 = Release|Any CPU
	EndGlobalSection
	GlobalSection(SolutionProperties) = preSolution
		HideSolutionNode = FALSE
	EndGlobalSection
	GlobalSection(ExtensibilityGlobals) = postSolution
		SolutionGuid = {6E3E8E47-C32F-4EF8-9173-AF52A6D74FCC}
	EndGlobalSection
EndGlobal
